
Microsoft Visual Studio Solution File, Format Version 12.00
# Visual Studio Version 16
VisualStudioVersion = 16.0.29006.145
MinimumVisualStudioVersion = 10.0.40219.1
Project("{2150E333-8FDC-42A3-9474-1A3956D46DE8}") = "01 Colecciones", "01 Colecciones", "{CD418580-24FA-4E61-A2EB-DEDF69838FD7}"
EndProject
Project("{FAE04EC0-301F-11D3-BF4B-00C04F79EFBC}") = "Colecciones01ArrayList", "Colecciones01ArrayList\Colecciones01ArrayList.csproj", "{68728584-3B0A-43C3-BB6D-EBBB65FB1D7E}"
EndProject
Project("{FAE04EC0-301F-11D3-BF4B-00C04F79EFBC}") = "Colecciones01BitArray", "Colecciones01BitArray\Colecciones01BitArray.csproj", "{CB81ED37-D613-45D8-A726-4161840787CA}"
EndProject
Project("{FAE04EC0-301F-11D3-BF4B-00C04F79EFBC}") = "Colecciones01HashTable", "Colecciones01HashTable\Colecciones01HashTable.csproj", "{95F07B2F-FAEB-4B60-B1EF-1CFCE6077507}"
EndProject
Project("{FAE04EC0-301F-11D3-BF4B-00C04F79EFBC}") = "Colecciones01Queue", "Colecciones01Queue\Colecciones01Queue.csproj", "{7B6BE9A6-B75B-43AD-A4B8-1318E12FE3CF}"
EndProject
Project("{FAE04EC0-301F-11D3-BF4B-00C04F79EFBC}") = "Colecciones01SortedList", "Colecciones01SortedList\Colecciones01SortedList.csproj", "{8AAB41EA-6BDC-4067-B6A9-273AB6C72C5A}"
EndProject
Project("{FAE04EC0-301F-11D3-BF4B-00C04F79EFBC}") = "Colecciones01Stack", "Colecciones01Stack\Colecciones01Stack.csproj", "{D488C59D-4CDA-4E57-9619-01867A606368}"
EndProject
Project("{FAE04EC0-301F-11D3-BF4B-00C04F79EFBC}") = "Colecciones02", "Colecciones02\Colecciones02.csproj", "{F5B5E592-EDE0-410F-B1DA-87F95A90AE05}"
EndProject
Project("{FAE04EC0-301F-11D3-BF4B-00C04F79EFBC}") = "Colecciones03", "Colecciones03\Colecciones03.csproj", "{6EB6738D-CB97-45C3-8A20-B62C31B615E8}"
EndProject
Project("{FAE04EC0-301F-11D3-BF4B-00C04F79EFBC}") = "Colecciones04", "Colecciones04\Colecciones04.csproj", "{E6F33440-6237-434F-876A-68DAA064B5E6}"
EndProject
Project("{FAE04EC0-301F-11D3-BF4B-00C04F79EFBC}") = "Colecciones05", "Colecciones05\Colecciones05.csproj", "{03B69801-83D4-4EA5-9812-8ABD51B63D2D}"
EndProject
Project("{FAE04EC0-301F-11D3-BF4B-00C04F79EFBC}") = "Colecciones06", "Colecciones06\Colecciones06.csproj", "{42362E45-9E48-438E-9FBB-C96F45034C53}"
EndProject
Project("{FAE04EC0-301F-11D3-BF4B-00C04F79EFBC}") = "Colecciones07", "Colecciones07\Colecciones07.csproj", "{331FB566-AAB7-4E42-A35C-A93CF4D0A86A}"
EndProject
Project("{2150E333-8FDC-42A3-9474-1A3956D46DE8}") = "02 Genericos", "02 Genericos", "{5D4175B6-28F1-49E1-AC9A-965A83AD0206}"
EndProject
Project("{FAE04EC0-301F-11D3-BF4B-00C04F79EFBC}") = "__VarNullable", "_VarNulleable\__VarNullable.csproj", "{67D8162F-A68D-4883-BF75-C94544EA66F6}"
EndProject
Project("{FAE04EC0-301F-11D3-BF4B-00C04F79EFBC}") = "_Dynamic", "_Dynamic\_Dynamic.csproj", "{0328FFBD-683B-4D45-86AC-9D517B52A27B}"
EndProject
Project("{FAE04EC0-301F-11D3-BF4B-00C04F79EFBC}") = "_MetodosGenericos01", "_MetodosGenericos01\_MetodosGenericos01.csproj", "{987436DE-5300-412D-BC49-63093A86CE89}"
EndProject
Project("{FAE04EC0-301F-11D3-BF4B-00C04F79EFBC}") = "ClasesGenericas01", "ClasesGenericas01\ClasesGenericas01.csproj", "{05394406-4AE6-443C-926E-7B047323EC1A}"
EndProject
Project("{FAE04EC0-301F-11D3-BF4B-00C04F79EFBC}") = "ClasesGenericas02", "ClasesGenericas02\ClasesGenericas02.csproj", "{BEEDE671-F3CA-4DA9-BE14-681C541D77B7}"
EndProject
Project("{2150E333-8FDC-42A3-9474-1A3956D46DE8}") = "03 Lambda", "03 Lambda", "{812AF79B-E198-4666-A5FF-74AC9581BB00}"
EndProject
Project("{FAE04EC0-301F-11D3-BF4B-00C04F79EFBC}") = "DelegadoGenerico01", "DelegadoGenerico01\DelegadoGenerico01.csproj", "{F25E8F7B-DB86-4F85-9FF5-47B3CBE8421A}"
EndProject
Project("{FAE04EC0-301F-11D3-BF4B-00C04F79EFBC}") = "Action_Func02", "Action_Func02\Action_Func02.csproj", "{5269A32A-239B-4581-ABDC-94E734DA3B3B}"
EndProject
Project("{FAE04EC0-301F-11D3-BF4B-00C04F79EFBC}") = "MetodoAnonimo03", "MetodoAnonimo03\MetodoAnonimo03.csproj", "{E04644D5-3854-4C60-A27C-83C54F9F99AF}"
EndProject
Project("{FAE04EC0-301F-11D3-BF4B-00C04F79EFBC}") = "Lambda01", "Lambda01\Lambda01.csproj", "{0186C6CE-2E33-4530-BD45-A1F3E1C0E852}"
EndProject
Project("{FAE04EC0-301F-11D3-BF4B-00C04F79EFBC}") = "Lambda02", "Lambda02\Lambda02.csproj", "{C6AC585E-11B0-4D56-9BA7-88AA2E190536}"
EndProject
Project("{FAE04EC0-301F-11D3-BF4B-00C04F79EFBC}") = "Lambda03", "Lambda03\Lambda03.csproj", "{BC50F0D7-97CA-462F-97B4-6B4B086B6A5F}"
EndProject
Project("{2150E333-8FDC-42A3-9474-1A3956D46DE8}") = "04 TrabajoConMetodos", "04 TrabajoConMetodos", "{5852D92A-1777-4468-91A6-754D328554AD}"
EndProject
Project("{FAE04EC0-301F-11D3-BF4B-00C04F79EFBC}") = "ConversionExplicita01", "ConversionExplicita01\ConversionExplicita01.csproj", "{A040ED00-8559-4D3D-AFBA-D986744BBD01}"
EndProject
Project("{FAE04EC0-301F-11D3-BF4B-00C04F79EFBC}") = "ConversionImplicita02", "ConversionImplicita02\ConversionImplicita02.csproj", "{8F6C9266-3657-44D5-9CEF-1A7ABDFE7DB5}"
EndProject
Project("{FAE04EC0-301F-11D3-BF4B-00C04F79EFBC}") = "TiposAnonimos04", "TiposAnonimos04\TiposAnonimos04.csproj", "{0BBE377F-1F25-4526-B110-E07484573FA4}"
EndProject
Project("{FAE04EC0-301F-11D3-BF4B-00C04F79EFBC}") = "MetodosExtension03", "MetodosExtension03\MetodosExtension03.csproj", "{5B3E4CB2-A718-4C83-99D6-F7A6300BEFC2}"
EndProject
Project("{FAE04EC0-301F-11D3-BF4B-00C04F79EFBC}") = "Punteros", "Punteros\Punteros.csproj", "{15C81C72-FD4E-4B3A-A0CD-50EB82D5B54C}"
EndProject
Project("{2150E333-8FDC-42A3-9474-1A3956D46DE8}") = "05 Interfaces", "05 Interfaces", "{65242FCE-6E74-43AE-BA56-F621EA6F3F39}"
EndProject
Project("{FAE04EC0-301F-11D3-BF4B-00C04F79EFBC}") = "Interfaces01", "Interfaces01\Interfaces01.csproj", "{449EABB7-1D1A-4A99-95B0-EF9771038BDD}"
EndProject
Global
	GlobalSection(SolutionConfigurationPlatforms) = preSolution
		Debug|Any CPU = Debug|Any CPU
		Release|Any CPU = Release|Any CPU
	EndGlobalSection
	GlobalSection(ProjectConfigurationPlatforms) = postSolution
		{68728584-3B0A-43C3-BB6D-EBBB65FB1D7E}.Debug|Any CPU.ActiveCfg = Debug|Any CPU
		{68728584-3B0A-43C3-BB6D-EBBB65FB1D7E}.Debug|Any CPU.Build.0 = Debug|Any CPU
		{68728584-3B0A-43C3-BB6D-EBBB65FB1D7E}.Release|Any CPU.ActiveCfg = Release|Any CPU
		{68728584-3B0A-43C3-BB6D-EBBB65FB1D7E}.Release|Any CPU.Build.0 = Release|Any CPU
		{CB81ED37-D613-45D8-A726-4161840787CA}.Debug|Any CPU.ActiveCfg = Debug|Any CPU
		{CB81ED37-D613-45D8-A726-4161840787CA}.Debug|Any CPU.Build.0 = Debug|Any CPU
		{CB81ED37-D613-45D8-A726-4161840787CA}.Release|Any CPU.ActiveCfg = Release|Any CPU
		{CB81ED37-D613-45D8-A726-4161840787CA}.Release|Any CPU.Build.0 = Release|Any CPU
		{95F07B2F-FAEB-4B60-B1EF-1CFCE6077507}.Debug|Any CPU.ActiveCfg = Debug|Any CPU
		{95F07B2F-FAEB-4B60-B1EF-1CFCE6077507}.Debug|Any CPU.Build.0 = Debug|Any CPU
		{95F07B2F-FAEB-4B60-B1EF-1CFCE6077507}.Release|Any CPU.ActiveCfg = Release|Any CPU
		{95F07B2F-FAEB-4B60-B1EF-1CFCE6077507}.Release|Any CPU.Build.0 = Release|Any CPU
		{7B6BE9A6-B75B-43AD-A4B8-1318E12FE3CF}.Debug|Any CPU.ActiveCfg = Debug|Any CPU
		{7B6BE9A6-B75B-43AD-A4B8-1318E12FE3CF}.Debug|Any CPU.Build.0 = Debug|Any CPU
		{7B6BE9A6-B75B-43AD-A4B8-1318E12FE3CF}.Release|Any CPU.ActiveCfg = Release|Any CPU
		{7B6BE9A6-B75B-43AD-A4B8-1318E12FE3CF}.Release|Any CPU.Build.0 = Release|Any CPU
		{8AAB41EA-6BDC-4067-B6A9-273AB6C72C5A}.Debug|Any CPU.ActiveCfg = Debug|Any CPU
		{8AAB41EA-6BDC-4067-B6A9-273AB6C72C5A}.Debug|Any CPU.Build.0 = Debug|Any CPU
		{8AAB41EA-6BDC-4067-B6A9-273AB6C72C5A}.Release|Any CPU.ActiveCfg = Release|Any CPU
		{8AAB41EA-6BDC-4067-B6A9-273AB6C72C5A}.Release|Any CPU.Build.0 = Release|Any CPU
		{D488C59D-4CDA-4E57-9619-01867A606368}.Debug|Any CPU.ActiveCfg = Debug|Any CPU
		{D488C59D-4CDA-4E57-9619-01867A606368}.Debug|Any CPU.Build.0 = Debug|Any CPU
		{D488C59D-4CDA-4E57-9619-01867A606368}.Release|Any CPU.ActiveCfg = Release|Any CPU
		{D488C59D-4CDA-4E57-9619-01867A606368}.Release|Any CPU.Build.0 = Release|Any CPU
		{F5B5E592-EDE0-410F-B1DA-87F95A90AE05}.Debug|Any CPU.ActiveCfg = Debug|Any CPU
		{F5B5E592-EDE0-410F-B1DA-87F95A90AE05}.Debug|Any CPU.Build.0 = Debug|Any CPU
		{F5B5E592-EDE0-410F-B1DA-87F95A90AE05}.Release|Any CPU.ActiveCfg = Release|Any CPU
		{F5B5E592-EDE0-410F-B1DA-87F95A90AE05}.Release|Any CPU.Build.0 = Release|Any CPU
		{6EB6738D-CB97-45C3-8A20-B62C31B615E8}.Debug|Any CPU.ActiveCfg = Debug|Any CPU
		{6EB6738D-CB97-45C3-8A20-B62C31B615E8}.Debug|Any CPU.Build.0 = Debug|Any CPU
		{6EB6738D-CB97-45C3-8A20-B62C31B615E8}.Release|Any CPU.ActiveCfg = Release|Any CPU
		{6EB6738D-CB97-45C3-8A20-B62C31B615E8}.Release|Any CPU.Build.0 = Release|Any CPU
		{E6F33440-6237-434F-876A-68DAA064B5E6}.Debug|Any CPU.ActiveCfg = Debug|Any CPU
		{E6F33440-6237-434F-876A-68DAA064B5E6}.Debug|Any CPU.Build.0 = Debug|Any CPU
		{E6F33440-6237-434F-876A-68DAA064B5E6}.Release|Any CPU.ActiveCfg = Release|Any CPU
		{E6F33440-6237-434F-876A-68DAA064B5E6}.Release|Any CPU.Build.0 = Release|Any CPU
		{03B69801-83D4-4EA5-9812-8ABD51B63D2D}.Debug|Any CPU.ActiveCfg = Debug|Any CPU
		{03B69801-83D4-4EA5-9812-8ABD51B63D2D}.Debug|Any CPU.Build.0 = Debug|Any CPU
		{03B69801-83D4-4EA5-9812-8ABD51B63D2D}.Release|Any CPU.ActiveCfg = Release|Any CPU
		{03B69801-83D4-4EA5-9812-8ABD51B63D2D}.Release|Any CPU.Build.0 = Release|Any CPU
		{42362E45-9E48-438E-9FBB-C96F45034C53}.Debug|Any CPU.ActiveCfg = Debug|Any CPU
		{42362E45-9E48-438E-9FBB-C96F45034C53}.Debug|Any CPU.Build.0 = Debug|Any CPU
		{42362E45-9E48-438E-9FBB-C96F45034C53}.Release|Any CPU.ActiveCfg = Release|Any CPU
		{42362E45-9E48-438E-9FBB-C96F45034C53}.Release|Any CPU.Build.0 = Release|Any CPU
		{331FB566-AAB7-4E42-A35C-A93CF4D0A86A}.Debug|Any CPU.ActiveCfg = Debug|Any CPU
		{331FB566-AAB7-4E42-A35C-A93CF4D0A86A}.Debug|Any CPU.Build.0 = Debug|Any CPU
		{331FB566-AAB7-4E42-A35C-A93CF4D0A86A}.Release|Any CPU.ActiveCfg = Release|Any CPU
		{331FB566-AAB7-4E42-A35C-A93CF4D0A86A}.Release|Any CPU.Build.0 = Release|Any CPU
		{67D8162F-A68D-4883-BF75-C94544EA66F6}.Debug|Any CPU.ActiveCfg = Debug|Any CPU
		{67D8162F-A68D-4883-BF75-C94544EA66F6}.Debug|Any CPU.Build.0 = Debug|Any CPU
		{67D8162F-A68D-4883-BF75-C94544EA66F6}.Release|Any CPU.ActiveCfg = Release|Any CPU
		{67D8162F-A68D-4883-BF75-C94544EA66F6}.Release|Any CPU.Build.0 = Release|Any CPU
		{0328FFBD-683B-4D45-86AC-9D517B52A27B}.Debug|Any CPU.ActiveCfg = Debug|Any CPU
		{0328FFBD-683B-4D45-86AC-9D517B52A27B}.Debug|Any CPU.Build.0 = Debug|Any CPU
		{0328FFBD-683B-4D45-86AC-9D517B52A27B}.Release|Any CPU.ActiveCfg = Release|Any CPU
		{0328FFBD-683B-4D45-86AC-9D517B52A27B}.Release|Any CPU.Build.0 = Release|Any CPU
		{987436DE-5300-412D-BC49-63093A86CE89}.Debug|Any CPU.ActiveCfg = Debug|Any CPU
		{987436DE-5300-412D-BC49-63093A86CE89}.Debug|Any CPU.Build.0 = Debug|Any CPU
		{987436DE-5300-412D-BC49-63093A86CE89}.Release|Any CPU.ActiveCfg = Release|Any CPU
		{987436DE-5300-412D-BC49-63093A86CE89}.Release|Any CPU.Build.0 = Release|Any CPU
		{05394406-4AE6-443C-926E-7B047323EC1A}.Debug|Any CPU.ActiveCfg = Debug|Any CPU
		{05394406-4AE6-443C-926E-7B047323EC1A}.Debug|Any CPU.Build.0 = Debug|Any CPU
		{05394406-4AE6-443C-926E-7B047323EC1A}.Release|Any CPU.ActiveCfg = Release|Any CPU
		{05394406-4AE6-443C-926E-7B047323EC1A}.Release|Any CPU.Build.0 = Release|Any CPU
		{BEEDE671-F3CA-4DA9-BE14-681C541D77B7}.Debug|Any CPU.ActiveCfg = Debug|Any CPU
		{BEEDE671-F3CA-4DA9-BE14-681C541D77B7}.Debug|Any CPU.Build.0 = Debug|Any CPU
		{BEEDE671-F3CA-4DA9-BE14-681C541D77B7}.Release|Any CPU.ActiveCfg = Release|Any CPU
		{BEEDE671-F3CA-4DA9-BE14-681C541D77B7}.Release|Any CPU.Build.0 = Release|Any CPU
		{F25E8F7B-DB86-4F85-9FF5-47B3CBE8421A}.Debug|Any CPU.ActiveCfg = Debug|Any CPU
		{F25E8F7B-DB86-4F85-9FF5-47B3CBE8421A}.Debug|Any CPU.Build.0 = Debug|Any CPU
		{F25E8F7B-DB86-4F85-9FF5-47B3CBE8421A}.Release|Any CPU.ActiveCfg = Release|Any CPU
		{F25E8F7B-DB86-4F85-9FF5-47B3CBE8421A}.Release|Any CPU.Build.0 = Release|Any CPU
		{5269A32A-239B-4581-ABDC-94E734DA3B3B}.Debug|Any CPU.ActiveCfg = Debug|Any CPU
		{5269A32A-239B-4581-ABDC-94E734DA3B3B}.Debug|Any CPU.Build.0 = Debug|Any CPU
		{5269A32A-239B-4581-ABDC-94E734DA3B3B}.Release|Any CPU.ActiveCfg = Release|Any CPU
		{5269A32A-239B-4581-ABDC-94E734DA3B3B}.Release|Any CPU.Build.0 = Release|Any CPU
		{E04644D5-3854-4C60-A27C-83C54F9F99AF}.Debug|Any CPU.ActiveCfg = Debug|Any CPU
		{E04644D5-3854-4C60-A27C-83C54F9F99AF}.Debug|Any CPU.Build.0 = Debug|Any CPU
		{E04644D5-3854-4C60-A27C-83C54F9F99AF}.Release|Any CPU.ActiveCfg = Release|Any CPU
		{E04644D5-3854-4C60-A27C-83C54F9F99AF}.Release|Any CPU.Build.0 = Release|Any CPU
		{0186C6CE-2E33-4530-BD45-A1F3E1C0E852}.Debug|Any CPU.ActiveCfg = Debug|Any CPU
		{0186C6CE-2E33-4530-BD45-A1F3E1C0E852}.Debug|Any CPU.Build.0 = Debug|Any CPU
		{0186C6CE-2E33-4530-BD45-A1F3E1C0E852}.Release|Any CPU.ActiveCfg = Release|Any CPU
		{0186C6CE-2E33-4530-BD45-A1F3E1C0E852}.Release|Any CPU.Build.0 = Release|Any CPU
		{C6AC585E-11B0-4D56-9BA7-88AA2E190536}.Debug|Any CPU.ActiveCfg = Debug|Any CPU
		{C6AC585E-11B0-4D56-9BA7-88AA2E190536}.Debug|Any CPU.Build.0 = Debug|Any CPU
		{C6AC585E-11B0-4D56-9BA7-88AA2E190536}.Release|Any CPU.ActiveCfg = Release|Any CPU
		{C6AC585E-11B0-4D56-9BA7-88AA2E190536}.Release|Any CPU.Build.0 = Release|Any CPU
		{BC50F0D7-97CA-462F-97B4-6B4B086B6A5F}.Debug|Any CPU.ActiveCfg = Debug|Any CPU
		{BC50F0D7-97CA-462F-97B4-6B4B086B6A5F}.Debug|Any CPU.Build.0 = Debug|Any CPU
		{BC50F0D7-97CA-462F-97B4-6B4B086B6A5F}.Release|Any CPU.ActiveCfg = Release|Any CPU
		{BC50F0D7-97CA-462F-97B4-6B4B086B6A5F}.Release|Any CPU.Build.0 = Release|Any CPU
		{A040ED00-8559-4D3D-AFBA-D986744BBD01}.Debug|Any CPU.ActiveCfg = Debug|Any CPU
		{A040ED00-8559-4D3D-AFBA-D986744BBD01}.Debug|Any CPU.Build.0 = Debug|Any CPU
		{A040ED00-8559-4D3D-AFBA-D986744BBD01}.Release|Any CPU.ActiveCfg = Release|Any CPU
		{A040ED00-8559-4D3D-AFBA-D986744BBD01}.Release|Any CPU.Build.0 = Release|Any CPU
		{8F6C9266-3657-44D5-9CEF-1A7ABDFE7DB5}.Debug|Any CPU.ActiveCfg = Debug|Any CPU
		{8F6C9266-3657-44D5-9CEF-1A7ABDFE7DB5}.Debug|Any CPU.Build.0 = Debug|Any CPU
		{8F6C9266-3657-44D5-9CEF-1A7ABDFE7DB5}.Release|Any CPU.ActiveCfg = Release|Any CPU
		{8F6C9266-3657-44D5-9CEF-1A7ABDFE7DB5}.Release|Any CPU.Build.0 = Release|Any CPU
		{0BBE377F-1F25-4526-B110-E07484573FA4}.Debug|Any CPU.ActiveCfg = Debug|Any CPU
		{0BBE377F-1F25-4526-B110-E07484573FA4}.Debug|Any CPU.Build.0 = Debug|Any CPU
		{0BBE377F-1F25-4526-B110-E07484573FA4}.Release|Any CPU.ActiveCfg = Release|Any CPU
		{0BBE377F-1F25-4526-B110-E07484573FA4}.Release|Any CPU.Build.0 = Release|Any CPU
		{5B3E4CB2-A718-4C83-99D6-F7A6300BEFC2}.Debug|Any CPU.ActiveCfg = Debug|Any CPU
		{5B3E4CB2-A718-4C83-99D6-F7A6300BEFC2}.Debug|Any CPU.Build.0 = Debug|Any CPU
		{5B3E4CB2-A718-4C83-99D6-F7A6300BEFC2}.Release|Any CPU.ActiveCfg = Release|Any CPU
		{5B3E4CB2-A718-4C83-99D6-F7A6300BEFC2}.Release|Any CPU.Build.0 = Release|Any CPU
		{15C81C72-FD4E-4B3A-A0CD-50EB82D5B54C}.Debug|Any CPU.ActiveCfg = Debug|Any CPU
		{15C81C72-FD4E-4B3A-A0CD-50EB82D5B54C}.Debug|Any CPU.Build.0 = Debug|Any CPU
		{15C81C72-FD4E-4B3A-A0CD-50EB82D5B54C}.Release|Any CPU.ActiveCfg = Release|Any CPU
		{15C81C72-FD4E-4B3A-A0CD-50EB82D5B54C}.Release|Any CPU.Build.0 = Release|Any CPU
		{449EABB7-1D1A-4A99-95B0-EF9771038BDD}.Debug|Any CPU.ActiveCfg = Debug|Any CPU
		{449EABB7-1D1A-4A99-95B0-EF9771038BDD}.Debug|Any CPU.Build.0 = Debug|Any CPU
		{449EABB7-1D1A-4A99-95B0-EF9771038BDD}.Release|Any CPU.ActiveCfg = Release|Any CPU
		{449EABB7-1D1A-4A99-95B0-EF9771038BDD}.Release|Any CPU.Build.0 = Release|Any CPU
	EndGlobalSection
	GlobalSection(SolutionProperties) = preSolution
		HideSolutionNode = FALSE
	EndGlobalSection
	GlobalSection(NestedProjects) = preSolution
		{68728584-3B0A-43C3-BB6D-EBBB65FB1D7E} = {CD418580-24FA-4E61-A2EB-DEDF69838FD7}
		{CB81ED37-D613-45D8-A726-4161840787CA} = {CD418580-24FA-4E61-A2EB-DEDF69838FD7}
		{95F07B2F-FAEB-4B60-B1EF-1CFCE6077507} = {CD418580-24FA-4E61-A2EB-DEDF69838FD7}
		{7B6BE9A6-B75B-43AD-A4B8-1318E12FE3CF} = {CD418580-24FA-4E61-A2EB-DEDF69838FD7}
		{8AAB41EA-6BDC-4067-B6A9-273AB6C72C5A} = {CD418580-24FA-4E61-A2EB-DEDF69838FD7}
		{D488C59D-4CDA-4E57-9619-01867A606368} = {CD418580-24FA-4E61-A2EB-DEDF69838FD7}
		{F5B5E592-EDE0-410F-B1DA-87F95A90AE05} = {CD418580-24FA-4E61-A2EB-DEDF69838FD7}
		{6EB6738D-CB97-45C3-8A20-B62C31B615E8} = {CD418580-24FA-4E61-A2EB-DEDF69838FD7}
		{E6F33440-6237-434F-876A-68DAA064B5E6} = {CD418580-24FA-4E61-A2EB-DEDF69838FD7}
		{03B69801-83D4-4EA5-9812-8ABD51B63D2D} = {CD418580-24FA-4E61-A2EB-DEDF69838FD7}
		{42362E45-9E48-438E-9FBB-C96F45034C53} = {CD418580-24FA-4E61-A2EB-DEDF69838FD7}
		{331FB566-AAB7-4E42-A35C-A93CF4D0A86A} = {CD418580-24FA-4E61-A2EB-DEDF69838FD7}
		{67D8162F-A68D-4883-BF75-C94544EA66F6} = {5D4175B6-28F1-49E1-AC9A-965A83AD0206}
		{0328FFBD-683B-4D45-86AC-9D517B52A27B} = {5D4175B6-28F1-49E1-AC9A-965A83AD0206}
		{987436DE-5300-412D-BC49-63093A86CE89} = {5D4175B6-28F1-49E1-AC9A-965A83AD0206}
		{05394406-4AE6-443C-926E-7B047323EC1A} = {5D4175B6-28F1-49E1-AC9A-965A83AD0206}
		{BEEDE671-F3CA-4DA9-BE14-681C541D77B7} = {5D4175B6-28F1-49E1-AC9A-965A83AD0206}
		{F25E8F7B-DB86-4F85-9FF5-47B3CBE8421A} = {812AF79B-E198-4666-A5FF-74AC9581BB00}
		{5269A32A-239B-4581-ABDC-94E734DA3B3B} = {812AF79B-E198-4666-A5FF-74AC9581BB00}
		{E04644D5-3854-4C60-A27C-83C54F9F99AF} = {812AF79B-E198-4666-A5FF-74AC9581BB00}
		{0186C6CE-2E33-4530-BD45-A1F3E1C0E852} = {812AF79B-E198-4666-A5FF-74AC9581BB00}
		{C6AC585E-11B0-4D56-9BA7-88AA2E190536} = {812AF79B-E198-4666-A5FF-74AC9581BB00}
		{BC50F0D7-97CA-462F-97B4-6B4B086B6A5F} = {812AF79B-E198-4666-A5FF-74AC9581BB00}
		{A040ED00-8559-4D3D-AFBA-D986744BBD01} = {5852D92A-1777-4468-91A6-754D328554AD}
		{8F6C9266-3657-44D5-9CEF-1A7ABDFE7DB5} = {5852D92A-1777-4468-91A6-754D328554AD}
		{0BBE377F-1F25-4526-B110-E07484573FA4} = {5852D92A-1777-4468-91A6-754D328554AD}
		{5B3E4CB2-A718-4C83-99D6-F7A6300BEFC2} = {5852D92A-1777-4468-91A6-754D328554AD}
		{15C81C72-FD4E-4B3A-A0CD-50EB82D5B54C} = {5852D92A-1777-4468-91A6-754D328554AD}
		{449EABB7-1D1A-4A99-95B0-EF9771038BDD} = {65242FCE-6E74-43AE-BA56-F621EA6F3F39}
	EndGlobalSection
	GlobalSection(ExtensibilityGlobals) = postSolution
		SolutionGuid = {563468E9-50F4-4B6A-9F08-DDDC3CE1E5E7}
	EndGlobalSection
EndGlobal
